// !$*UTF8*$!
{
	archiveVersion = 1;
	classes = {
	};
	objectVersion = 56;
	objects = {

/* Begin PBXBuildFile section */
		A22EFE432BB32368005C0709 /* StatesTableViewController.swift in Sources */ = {isa = PBXBuildFile; fileRef = A22EFE422BB32368005C0709 /* StatesTableViewController.swift */; };
		A22EFE452BB347FF005C0709 /* StateInfoViewController.swift in Sources */ = {isa = PBXBuildFile; fileRef = A22EFE442BB347FF005C0709 /* StateInfoViewController.swift */; };
		A289856B2BB4F09D00DD3084 /* .gitignore in Resources */ = {isa = PBXBuildFile; fileRef = A289856A2BB4F09D00DD3084 /* .gitignore */; };
		A2BD7EBC2BB1E6C9001FF064 /* AppDelegate.swift in Sources */ = {isa = PBXBuildFile; fileRef = A2BD7EBB2BB1E6C9001FF064 /* AppDelegate.swift */; };
		A2BD7EBE2BB1E6C9001FF064 /* SceneDelegate.swift in Sources */ = {isa = PBXBuildFile; fileRef = A2BD7EBD2BB1E6C9001FF064 /* SceneDelegate.swift */; };
		A2BD7EC02BB1E6C9001FF064 /* ViewController.swift in Sources */ = {isa = PBXBuildFile; fileRef = A2BD7EBF2BB1E6C9001FF064 /* ViewController.swift */; };
		A2BD7EC32BB1E6C9001FF064 /* Base in Resources */ = {isa = PBXBuildFile; fileRef = A2BD7EC22BB1E6C9001FF064 /* Base */; };
		A2BD7EC52BB1E6CA001FF064 /* Assets.xcassets in Resources */ = {isa = PBXBuildFile; fileRef = A2BD7EC42BB1E6CA001FF064 /* Assets.xcassets */; };
		A2BD7EC82BB1E6CA001FF064 /* Base in Resources */ = {isa = PBXBuildFile; fileRef = A2BD7EC72BB1E6CA001FF064 /* Base */; };
/* End PBXBuildFile section */

/* Begin PBXFileReference section */
		A22EFE422BB32368005C0709 /* StatesTableViewController.swift */ = {isa = PBXFileReference; lastKnownFileType = sourcecode.swift; path = StatesTableViewController.swift; sourceTree = "<group>"; };
		A22EFE442BB347FF005C0709 /* StateInfoViewController.swift */ = {isa = PBXFileReference; lastKnownFileType = sourcecode.swift; path = StateInfoViewController.swift; sourceTree = "<group>"; };
		A289856A2BB4F09D00DD3084 /* .gitignore */ = {isa = PBXFileReference; fileEncoding = 4; lastKnownFileType = text; path = .gitignore; sourceTree = "<group>"; };
		A2BD7EB82BB1E6C9001FF064 /* Ind03_Cecil_Ashton.app */ = {isa = PBXFileReference; explicitFileType = wrapper.application; includeInIndex = 0; path = Ind03_Cecil_Ashton.app; sourceTree = BUILT_PRODUCTS_DIR; };
		A2BD7EBB2BB1E6C9001FF064 /* AppDelegate.swift */ = {isa = PBXFileReference; lastKnownFileType = sourcecode.swift; path = AppDelegate.swift; sourceTree = "<group>"; };
		A2BD7EBD2BB1E6C9001FF064 /* SceneDelegate.swift */ = {isa = PBXFileReference; lastKnownFileType = sourcecode.swift; path = SceneDelegate.swift; sourceTree = "<group>"; };
		A2BD7EBF2BB1E6C9001FF064 /* ViewController.swift */ = {isa = PBXFileReference; lastKnownFileType = sourcecode.swift; path = ViewController.swift; sourceTree = "<group>"; };
		A2BD7EC22BB1E6C9001FF064 /* Base */ = {isa = PBXFileReference; lastKnownFileType = file.storyboard; name = Base; path = Base.lproj/Main.storyboard; sourceTree = "<group>"; };
		A2BD7EC42BB1E6CA001FF064 /* Assets.xcassets */ = {isa = PBXFileReference; lastKnownFileType = folder.assetcatalog; path = Assets.xcassets; sourceTree = "<group>"; };
		A2BD7EC72BB1E6CA001FF064 /* Base */ = {isa = PBXFileReference; lastKnownFileType = file.storyboard; name = Base; path = Base.lproj/LaunchScreen.storyboard; sourceTree = "<group>"; };
		A2BD7EC92BB1E6CA001FF064 /* Info.plist */ = {isa = PBXFileReference; lastKnownFileType = text.plist.xml; path = Info.plist; sourceTree = "<group>"; };
/* End PBXFileReference section */

/* Begin PBXFrameworksBuildPhase section */
		A2BD7EB52BB1E6C9001FF064 /* Frameworks */ = {
			isa = PBXFrameworksBuildPhase;
			buildActionMask = 2147483647;
			files = (
			);
			runOnlyForDeploymentPostprocessing = 0;
		};
/* End PBXFrameworksBuildPhase section */

/* Begin PBXGroup section */
		A2BD7EAF2BB1E6C9001FF064 = {
			isa = PBXGroup;
			children = (
				A289856A2BB4F09D00DD3084 /* .gitignore */,
				A2BD7EBA2BB1E6C9001FF064 /* Ind03_Cecil_Ashton */,
				A2BD7EB92BB1E6C9001FF064 /* Products */,
			);
			sourceTree = "<group>";
		};
		A2BD7EB92BB1E6C9001FF064 /* Products */ = {
			isa = PBXGroup;
			children = (
				A2BD7EB82BB1E6C9001FF064 /* Ind03_Cecil_Ashton.app */,
			);
			name = Products;
			sourceTree = "<group>";
		};
		A2BD7EBA2BB1E6C9001FF064 /* Ind03_Cecil_Ashton */ = {
			isa = PBXGroup;
			children = (
				A2BD7EBB2BB1E6C9001FF064 /* AppDelegate.swift */,
				A2BD7EBD2BB1E6C9001FF064 /* SceneDelegate.swift */,
				A2BD7EBF2BB1E6C9001FF064 /* ViewController.swift */,
				A2BD7EC12BB1E6C9001FF064 /* Main.storyboard */,
				A22EFE422BB32368005C0709 /* StatesTableViewController.swift */,
				A22EFE442BB347FF005C0709 /* StateInfoViewController.swift */,
				A2BD7EC42BB1E6CA001FF064 /* Assets.xcassets */,
				A2BD7EC62BB1E6CA001FF064 /* LaunchScreen.storyboard */,
				A2BD7EC92BB1E6CA001FF064 /* Info.plist */,
			);
			path = Ind03_Cecil_Ashton;
			sourceTree = "<group>";
		};
/* End PBXGroup section */

/* Begin PBXNativeTarget section */
		A2BD7EB72BB1E6C9001FF064 /* Ind03_Cecil_Ashton */ = {
			isa = PBXNativeTarget;
			buildConfigurationList = A2BD7ECC2BB1E6CA001FF064 /* Build configuration list for PBXNativeTarget "Ind03_Cecil_Ashton" */;
			buildPhases = (
				A2BD7EB42BB1E6C9001FF064 /* Sources */,
				A2BD7EB52BB1E6C9001FF064 /* Frameworks */,
				A2BD7EB62BB1E6C9001FF064 /* Resources */,
			);
			buildRules = (
			);
			dependencies = (
			);
			name = Ind03_Cecil_Ashton;
			productName = Ind03_Cecil_Ashton;
			productReference = A2BD7EB82BB1E6C9001FF064 /* Ind03_Cecil_Ashton.app */;
			productType = "com.apple.product-type.application";
		};
/* End PBXNativeTarget section */

/* Begin PBXProject section */
		A2BD7EB02BB1E6C9001FF064 /* Project object */ = {
			isa = PBXProject;
			attributes = {
				BuildIndependentTargetsInParallel = 1;
				LastSwiftUpdateCheck = 1530;
				LastUpgradeCheck = 1530;
				TargetAttributes = {
					A2BD7EB72BB1E6C9001FF064 = {
						CreatedOnToolsVersion = 15.3;
					};
				};
			};
			buildConfigurationList = A2BD7EB32BB1E6C9001FF064 /* Build configuration list for PBXProject "Ind03_Cecil_Ashton" */;
			compatibilityVersion = "Xcode 14.0";
			developmentRegion = en;
			hasScannedForEncodings = 0;
			knownRegions = (
				en,
				Base,
			);
			mainGroup = A2BD7EAF2BB1E6C9001FF064;
			productRefGroup = A2BD7EB92BB1E6C9001FF064 /* Products */;
			projectDirPath = "";
			projectRoot = "";
			targets = (
				A2BD7EB72BB1E6C9001FF064 /* Ind03_Cecil_Ashton */,
			);
		};
/* End PBXProject section */

/* Begin PBXResourcesBuildPhase section */
		A2BD7EB62BB1E6C9001FF064 /* Resources */ = {
			isa = PBXResourcesBuildPhase;
			buildActionMask = 2147483647;
			files = (
				A289856B2BB4F09D00DD3084 /* .gitignore in Resources */,
				A2BD7EC52BB1E6CA001FF064 /* Assets.xcassets in Resources */,
				A2BD7EC82BB1E6CA001FF064 /* Base in Resources */,
				A2BD7EC32BB1E6C9001FF064 /* Base in Resources */,
			);
			runOnlyForDeploymentPostprocessing = 0;
		};
/* End PBXResourcesBuildPhase section */

/* Begin PBXSourcesBuildPhase section */
		A2BD7EB42BB1E6C9001FF064 /* Sources */ = {
			isa = PBXSourcesBuildPhase;
			buildActionMask = 2147483647;
			files = (
				A22EFE452BB347FF005C0709 /* StateInfoViewController.swift in Sources */,
				A2BD7EC02BB1E6C9001FF064 /* ViewController.swift in Sources */,
				A22EFE432BB32368005C0709 /* StatesTableViewController.swift in Sources */,
				A2BD7EBC2BB1E6C9001FF064 /* AppDelegate.swift in Sources */,
				A2BD7EBE2BB1E6C9001FF064 /* SceneDelegate.swift in Sources */,
			);
			runOnlyForDeploymentPostprocessing = 0;
		};
/* End PBXSourcesBuildPhase section */

/* Begin PBXVariantGroup section */
		A2BD7EC12BB1E6C9001FF064 /* Main.storyboard */ = {
			isa = PBXVariantGroup;
			children = (
				A2BD7EC22BB1E6C9001FF064 /* Base */,
			);
			name = Main.storyboard;
			sourceTree = "<group>";
		};
		A2BD7EC62BB1E6CA001FF064 /* LaunchScreen.storyboard */ = {
			isa = PBXVariantGroup;
			children = (
				A2BD7EC72BB1E6CA001FF064 /* Base */,
			);
			name = LaunchScreen.storyboard;
			sourceTree = "<group>";
		};
/* End PBXVariantGroup section */

/* Begin XCBuildConfiguration section */
		A2BD7ECA2BB1E6CA001FF064 /* Debug */ = {
			isa = XCBuildConfiguration;
			buildSettings = {
				ALWAYS_SEARCH_USER_PATHS = NO;
				ASSETCATALOG_COMPILER_GENERATE_SWIFT_ASSET_SYMBOL_EXTENSIONS = YES;
				CLANG_ANALYZER_NONNULL = YES;
				CLANG_ANALYZER_NUMBER_OBJECT_CONVERSION = YES_AGGRESSIVE;
				CLANG_CXX_LANGUAGE_STANDARD = "gnu++20";
				CLANG_ENABLE_MODULES = YES;
				CLANG_ENABLE_OBJC_ARC = YES;
				CLANG_ENABLE_OBJC_WEAK = YES;
				CLANG_WARN_BLOCK_CAPTURE_AUTORELEASING = YES;
				CLANG_WARN_BOOL_CONVERSION = YES;
				CLANG_WARN_COMMA = YES;
				CLANG_WARN_CONSTANT_CONVERSION = YES;
				CLANG_WARN_DEPRECATED_OBJC_IMPLEMENTATIONS = YES;
				CLANG_WARN_DIRECT_OBJC_ISA_USAGE = YES_ERROR;
				CLANG_WARN_DOCUMENTATION_COMMENTS = YES;
				CLANG_WARN_EMPTY_BODY = YES;
				CLANG_WARN_ENUM_CONVERSION = YES;
				CLANG_WARN_INFINITE_RECURSION = YES;
				CLANG_WARN_INT_CONVERSION = YES;
				CLANG_WARN_NON_LITERAL_NULL_CONVERSION = YES;
				CLANG_WARN_OBJC_IMPLICIT_RETAIN_SELF = YES;
				CLANG_WARN_OBJC_LITERAL_CONVERSION = YES;
				CLANG_WARN_OBJC_ROOT_CLASS = YES_ERROR;
				CLANG_WARN_QUOTED_INCLUDE_IN_FRAMEWORK_HEADER = YES;
				CLANG_WARN_RANGE_LOOP_ANALYSIS = YES;
				CLANG_WARN_STRICT_PROTOTYPES = YES;
				CLANG_WARN_SUSPICIOUS_MOVE = YES;
				CLANG_WARN_UNGUARDED_AVAILABILITY = YES_AGGRESSIVE;
				CLANG_WARN_UNREACHABLE_CODE = YES;
				CLANG_WARN__DUPLICATE_METHOD_MATCH = YES;
				COPY_PHASE_STRIP = NO;
				DEBUG_INFORMATION_FORMAT = dwarf;
				ENABLE_STRICT_OBJC_MSGSEND = YES;
				ENABLE_TESTABILITY = YES;
				ENABLE_USER_SCRIPT_SANDBOXING = YES;
				GCC_C_LANGUAGE_STANDARD = gnu17;
				GCC_DYNAMIC_NO_PIC = NO;
				GCC_NO_COMMON_BLOCKS = YES;
				GCC_OPTIMIZATION_LEVEL = 0;
				GCC_PREPROCESSOR_DEFINITIONS = (
					"DEBUG=1",
					"$(inherited)",
				);
				GCC_WARN_64_TO_32_BIT_CONVERSION = YES;
				GCC_WARN_ABOUT_RETURN_TYPE = YES_ERROR;
				GCC_WARN_UNDECLARED_SELECTOR = YES;
				GCC_WARN_UNINITIALIZED_AUTOS = YES_AGGRESSIVE;
				GCC_WARN_UNUSED_FUNCTION = YES;
				GCC_WARN_UNUSED_VARIABLE = YES;
				IPHONEOS_DEPLOYMENT_TARGET = 17.4;
				LOCALIZATION_PREFERS_STRING_CATALOGS = YES;
				MTL_ENABLE_DEBUG_INFO = INCLUDE_SOURCE;
				MTL_FAST_MATH = YES;
				ONLY_ACTIVE_ARCH = YES;
				SDKROOT = iphoneos;
				SWIFT_ACTIVE_COMPILATION_CONDITIONS = "DEBUG $(inherited)";
				SWIFT_OPTIMIZATION_LEVEL = "-Onone";
			};
			name = Debug;
		};
		A2BD7ECB2BB1E6CA001FF064 /* Release */ = {
			isa = XCBuildConfiguration;
			buildSettings = {
				ALWAYS_SEARCH_USER_PATHS = NO;
				ASSETCATALOG_COMPILER_GENERATE_SWIFT_ASSET_SYMBOL_EXTENSIONS = YES;
				CLANG_ANALYZER_NONNULL = YES;
				CLANG_ANALYZER_NUMBER_OBJECT_CONVERSION = YES_AGGRESSIVE;
				CLANG_CXX_LANGUAGE_STANDARD = "gnu++20";
				CLANG_ENABLE_MODULES = YES;
				CLANG_ENABLE_OBJC_ARC = YES;
				CLANG_ENABLE_OBJC_WEAK = YES;
				CLANG_WARN_BLOCK_CAPTURE_AUTORELEASING = YES;
				CLANG_WARN_BOOL_CONVERSION = YES;
				CLANG_WARN_COMMA = YES;
				CLANG_WARN_CONSTANT_CONVERSION = YES;
				CLANG_WARN_DEPRECATED_OBJC_IMPLEMENTATIONS = YES;
				CLANG_WARN_DIRECT_OBJC_ISA_USAGE = YES_ERROR;
				CLANG_WARN_DOCUMENTATION_COMMENTS = YES;
				CLANG_WARN_EMPTY_BODY = YES;
				CLANG_WARN_ENUM_CONVERSION = YES;
				CLANG_WARN_INFINITE_RECURSION = YES;
				CLANG_WARN_INT_CONVERSION = YES;
				CLANG_WARN_NON_LITERAL_NULL_CONVERSION = YES;
				CLANG_WARN_OBJC_IMPLICIT_RETAIN_SELF = YES;
				CLANG_WARN_OBJC_LITERAL_CONVERSION = YES;
				CLANG_WARN_OBJC_ROOT_CLASS = YES_ERROR;
				CLANG_WARN_QUOTED_INCLUDE_IN_FRAMEWORK_HEADER = YES;
				CLANG_WARN_RANGE_LOOP_ANALYSIS = YES;
				CLANG_WARN_STRICT_PROTOTYPES = YES;
				CLANG_WARN_SUSPICIOUS_MOVE = YES;
				CLANG_WARN_UNGUARDED_AVAILABILITY = YES_AGGRESSIVE;
				CLANG_WARN_UNREACHABLE_CODE = YES;
				CLANG_WARN__DUPLICATE_METHOD_MATCH = YES;
				COPY_PHASE_STRIP = NO;
				DEBUG_INFORMATION_FORMAT = "dwarf-with-dsym";
				ENABLE_NS_ASSERTIONS = NO;
				ENABLE_STRICT_OBJC_MSGSEND = YES;
				ENABLE_USER_SCRIPT_SANDBOXING = YES;
				GCC_C_LANGUAGE_STANDARD = gnu17;
				GCC_NO_COMMON_BLOCKS = YES;
				GCC_WARN_64_TO_32_BIT_CONVERSION = YES;
				GCC_WARN_ABOUT_RETURN_TYPE = YES_ERROR;
				GCC_WARN_UNDECLARED_SELECTOR = YES;
				GCC_WARN_UNINITIALIZED_AUTOS = YES_AGGRESSIVE;
				GCC_WARN_UNUSED_FUNCTION = YES;
				GCC_WARN_UNUSED_VARIABLE = YES;
				IPHONEOS_DEPLOYMENT_TARGET = 17.4;
				LOCALIZATION_PREFERS_STRING_CATALOGS = YES;
				MTL_ENABLE_DEBUG_INFO = NO;
				MTL_FAST_MATH = YES;
				SDKROOT = iphoneos;
				SWIFT_COMPILATION_MODE = wholemodule;
				VALIDATE_PRODUCT = YES;
			};
			name = Release;
		};
		A2BD7ECD2BB1E6CA001FF064 /* Debug */ = {
			isa = XCBuildConfiguration;
			buildSettings = {
				ASSETCATALOG_COMPILER_APPICON_NAME = AppIcon;
				ASSETCATALOG_COMPILER_GLOBAL_ACCENT_COLOR_NAME = AccentColor;
				CODE_SIGN_STYLE = Automatic;
				CURRENT_PROJECT_VERSION = 1;
				DEVELOPMENT_TEAM = LW27XRV62L;
				GENERATE_INFOPLIST_FILE = YES;
				INFOPLIST_FILE = Ind03_Cecil_Ashton/Info.plist;
				INFOPLIST_KEY_UIApplicationSupportsIndirectInputEvents = YES;
				INFOPLIST_KEY_UILaunchStoryboardName = LaunchScreen;
				INFOPLIST_KEY_UIMainStoryboardFile = Main;
				INFOPLIST_KEY_UISupportedInterfaceOrientations_iPad = "UIInterfaceOrientationPortrait UIInterfaceOrientationPortraitUpsideDown UIInterfaceOrientationLandscapeLeft UIInterfaceOrientationLandscapeRight";
				INFOPLIST_KEY_UISupportedInterfaceOrientations_iPhone = "UIInterfaceOrientationPortrait UIInterfaceOrientationLandscapeLeft UIInterfaceOrientationLandscapeRight";
				LD_RUNPATH_SEARCH_PATHS = (
					"$(inherited)",
					"@executable_path/Frameworks",
				);
				MARKETING_VERSION = 1.0;
				PRODUCT_BUNDLE_IDENTIFIER = "AC.Ind03-Cecil-Ashton";
				PRODUCT_NAME = "$(TARGET_NAME)";
				SWIFT_EMIT_LOC_STRINGS = YES;
				SWIFT_VERSION = 5.0;
				TARGETED_DEVICE_FAMILY = "1,2";
			};
			name = Debug;
		};
		A2BD7ECE2BB1E6CA001FF064 /* Release */ = {
			isa = XCBuildConfiguration;
			buildSettings = {
				ASSETCATALOG_COMPILER_APPICON_NAME = AppIcon;
				ASSETCATALOG_COMPILER_GLOBAL_ACCENT_COLOR_NAME = AccentColor;
				CODE_SIGN_STYLE = Automatic;
				CURRENT_PROJECT_VERSION = 1;
				DEVELOPMENT_TEAM = LW27XRV62L;
				GENERATE_INFOPLIST_FILE = YES;
				INFOPLIST_FILE = Ind03_Cecil_Ashton/Info.plist;
				INFOPLIST_KEY_UIApplicationSupportsIndirectInputEvents = YES;
				INFOPLIST_KEY_UILaunchStoryboardName = LaunchScreen;
				INFOPLIST_KEY_UIMainStoryboardFile = Main;
				INFOPLIST_KEY_UISupportedInterfaceOrientations_iPad = "UIInterfaceOrientationPortrait UIInterfaceOrientationPortraitUpsideDown UIInterfaceOrientationLandscapeLeft UIInterfaceOrientationLandscapeRight";
				INFOPLIST_KEY_UISupportedInterfaceOrientations_iPhone = "UIInterfaceOrientationPortrait UIInterfaceOrientationLandscapeLeft UIInterfaceOrientationLandscapeRight";
				LD_RUNPATH_SEARCH_PATHS = (
					"$(inherited)",
					"@executable_path/Frameworks",
				);
				MARKETING_VERSION = 1.0;
				PRODUCT_BUNDLE_IDENTIFIER = "AC.Ind03-Cecil-Ashton";
				PRODUCT_NAME = "$(TARGET_NAME)";
				SWIFT_EMIT_LOC_STRINGS = YES;
				SWIFT_VERSION = 5.0;
				TARGETED_DEVICE_FAMILY = "1,2";
			};
			name = Release;
		};
/* End XCBuildConfiguration section */

/* Begin XCConfigurationList section */
		A2BD7EB32BB1E6C9001FF064 /* Build configuration list for PBXProject "Ind03_Cecil_Ashton" */ = {
			isa = XCConfigurationList;
			buildConfigurations = (
				A2BD7ECA2BB1E6CA001FF064 /* Debug */,
				A2BD7ECB2BB1E6CA001FF064 /* Release */,
			);
			defaultConfigurationIsVisible = 0;
			defaultConfigurationName = Release;
		};
		A2BD7ECC2BB1E6CA001FF064 /* Build configuration list for PBXNativeTarget "Ind03_Cecil_Ashton" */ = {
			isa = XCConfigurationList;
			buildConfigurations = (
				A2BD7ECD2BB1E6CA001FF064 /* Debug */,
				A2BD7ECE2BB1E6CA001FF064 /* Release */,
			);
			defaultConfigurationIsVisible = 0;
			defaultConfigurationName = Release;
		};
/* End XCConfigurationList section */
	};
	rootObject = A2BD7EB02BB1E6C9001FF064 /* Project object */;
}
